dragged_commit 81ba921dd684a93db41a7e9dda6b6a7c67348a88
qacc_commit fff5a4cd4fbfb51fadea92a3aaf3226875d0bce5
ramdocs_revision 9c041bfd158c603b615883d9a931b00cbc141494
---
14559d5c08fde057d7b46783e3345ee5852d6cf6a750f370dc072a0b957fac54  dragged/conflicts.jsonl
37541c0d3f386293bad6c9992e62a2e6e510636fe02bcbf5d45895b8b5cc8694  qacc/data/ConflictQA_Dataset.json
c67f699c97349f00cf1bd08d1dbf8ca1d0cc38c306715c93a10a4f961dcf28b7  ramdocs/RAMDocs_test.jsonl
